
Microsoft Visual Studio Solution File, Format Version 12.00
# Visual Studio Version 17
VisualStudioVersion = 17.10.35027.167
MinimumVisualStudioVersion = 10.0.40219.1
Project("{FAE04EC0-301F-11D3-BF4B-00C04F79EFBC}") = "ComIT.Console", "ComIT.Console\ComIT.Console.csproj", "{BAB8210C-8A77-44EB-B5C1-AD8C3E85946B}"
EndProject
Global
	GlobalSection(SolutionConfigurationPlatforms) = preSolution
		Debug|Any CPU = Debug|Any CPU
		Release|Any CPU = Release|Any CPU
	EndGlobalSection
	GlobalSection(ProjectConfigurationPlatforms) = postSolution
		{BAB8210C-8A77-44EB-B5C1-AD8C3E85946B}.Debug|Any CPU.ActiveCfg = Debug|Any CPU
		{BAB8210C-8A77-44EB-B5C1-AD8C3E85946B}.Debug|Any CPU.Build.0 = Debug|Any CPU
		{BAB8210C-8A77-44EB-B5C1-AD8C3E85946B}.Release|Any CPU.ActiveCfg = Release|Any CPU
		{BAB8210C-8A77-44EB-B5C1-AD8C3E85946B}.Release|Any CPU.Build.0 = Release|Any CPU
	EndGlobalSection
	GlobalSection(SolutionProperties) = preSolution
		HideSolutionNode = FALSE
	EndGlobalSection
	GlobalSection(ExtensibilityGlobals) = postSolution
		SolutionGuid = {AB2B1C89-EA1D-4287-B528-82214F58DD1F}
	EndGlobalSection
EndGlobal
